// !$*UTF8*$!
{
	archiveVersion = 1;
	classes = {
	};
	objectVersion = 46;
	objects = {

/* Begin PBXBuildFile section */
		1F33D61AB3319ECE38946654 /* libPods-CookBookTests.a in Frameworks */ = {isa = PBXBuildFile; fileRef = 604E28D27C4E92246F9FB7D0 /* libPods-CookBookTests.a */; };
		69F854432759160798D54089 /* libPods-CookBook.a in Frameworks */ = {isa = PBXBuildFile; fileRef = BCE6699AE8940AC3BBB13630 /* libPods-CookBook.a */; };
		D198635A1E23EEA5006598CC /* main.m in Sources */ = {isa = PBXBuildFile; fileRef = D19863591E23EEA5006598CC /* main.m */; };
		D198635D1E23EEA5006598CC /* AppDelegate.m in Sources */ = {isa = PBXBuildFile; fileRef = D198635C1E23EEA5006598CC /* AppDelegate.m */; };
		D19863601E23EEA5006598CC /* LoginPageViewController.m in Sources */ = {isa = PBXBuildFile; fileRef = D198635F1E23EEA5006598CC /* LoginPageViewController.m */; };
		D19863631E23EEA5006598CC /* Main.storyboard in Resources */ = {isa = PBXBuildFile; fileRef = D19863611E23EEA5006598CC /* Main.storyboard */; };
		D19863661E23EEA5006598CC /* CookBook.xcdatamodeld in Sources */ = {isa = PBXBuildFile; fileRef = D19863641E23EEA5006598CC /* CookBook.xcdatamodeld */; };
		D19863681E23EEA5006598CC /* Assets.xcassets in Resources */ = {isa = PBXBuildFile; fileRef = D19863671E23EEA5006598CC /* Assets.xcassets */; };
		D198636B1E23EEA5006598CC /* LaunchScreen.storyboard in Resources */ = {isa = PBXBuildFile; fileRef = D19863691E23EEA5006598CC /* LaunchScreen.storyboard */; };
		D19863761E23EEA5006598CC /* CookBookTests.m in Sources */ = {isa = PBXBuildFile; fileRef = D19863751E23EEA5006598CC /* CookBookTests.m */; };
		D19863811E23EEA5006598CC /* CookBookUITests.m in Sources */ = {isa = PBXBuildFile; fileRef = D19863801E23EEA5006598CC /* CookBookUITests.m */; };
		D198638F1E2410E0006598CC /* GoogleService-Info.plist in Resources */ = {isa = PBXBuildFile; fileRef = D198638E1E2410E0006598CC /* GoogleService-Info.plist */; };
		D198639A1E242434006598CC /* FlatUIHelper.m in Sources */ = {isa = PBXBuildFile; fileRef = D19863991E242434006598CC /* FlatUIHelper.m */; };
		D19B08F81E282AB300D257D6 /* PlistHelper.m in Sources */ = {isa = PBXBuildFile; fileRef = D19B08F71E282AB300D257D6 /* PlistHelper.m */; };
		D6CE670F4133B37D2A1D4185 /* libPods-CookBookUITests.a in Frameworks */ = {isa = PBXBuildFile; fileRef = 15CFE204D2F006FEB011DFE4 /* libPods-CookBookUITests.a */; };
/* End PBXBuildFile section */

/* Begin PBXContainerItemProxy section */
		D19863721E23EEA5006598CC /* PBXContainerItemProxy */ = {
			isa = PBXContainerItemProxy;
			containerPortal = D198634D1E23EEA5006598CC /* Project object */;
			proxyType = 1;
			remoteGlobalIDString = D19863541E23EEA5006598CC;
			remoteInfo = CookBook;
		};
		D198637D1E23EEA5006598CC /* PBXContainerItemProxy */ = {
			isa = PBXContainerItemProxy;
			containerPortal = D198634D1E23EEA5006598CC /* Project object */;
			proxyType = 1;
			remoteGlobalIDString = D19863541E23EEA5006598CC;
			remoteInfo = CookBook;
		};
/* End PBXContainerItemProxy section */

/* Begin PBXFileReference section */
		15CFE204D2F006FEB011DFE4 /* libPods-CookBookUITests.a */ = {isa = PBXFileReference; explicitFileType = archive.ar; includeInIndex = 0; path = "libPods-CookBookUITests.a"; sourceTree = BUILT_PRODUCTS_DIR; };
		3A1BB7E7E8C25285BE755FB6 /* Pods-CookBookTests.release.xcconfig */ = {isa = PBXFileReference; includeInIndex = 1; lastKnownFileType = text.xcconfig; name = "Pods-CookBookTests.release.xcconfig"; path = "Pods/Target Support Files/Pods-CookBookTests/Pods-CookBookTests.release.xcconfig"; sourceTree = "<group>"; };
		41F3327FC0E7B098DE215A4B /* Pods-CookBookUITests.release.xcconfig */ = {isa = PBXFileReference; includeInIndex = 1; lastKnownFileType = text.xcconfig; name = "Pods-CookBookUITests.release.xcconfig"; path = "Pods/Target Support Files/Pods-CookBookUITests/Pods-CookBookUITests.release.xcconfig"; sourceTree = "<group>"; };
		452460AFDE8C85216D83D594 /* Pods-CookBook.debug.xcconfig */ = {isa = PBXFileReference; includeInIndex = 1; lastKnownFileType = text.xcconfig; name = "Pods-CookBook.debug.xcconfig"; path = "Pods/Target Support Files/Pods-CookBook/Pods-CookBook.debug.xcconfig"; sourceTree = "<group>"; };
		604E28D27C4E92246F9FB7D0 /* libPods-CookBookTests.a */ = {isa = PBXFileReference; explicitFileType = archive.ar; includeInIndex = 0; path = "libPods-CookBookTests.a"; sourceTree = BUILT_PRODUCTS_DIR; };
		96C237DE0BFC213E3CC0C044 /* Pods-CookBookUITests.debug.xcconfig */ = {isa = PBXFileReference; includeInIndex = 1; lastKnownFileType = text.xcconfig; name = "Pods-CookBookUITests.debug.xcconfig"; path = "Pods/Target Support Files/Pods-CookBookUITests/Pods-CookBookUITests.debug.xcconfig"; sourceTree = "<group>"; };
		B8A47C1247473AA13FB8B249 /* Pods-CookBook.release.xcconfig */ = {isa = PBXFileReference; includeInIndex = 1; lastKnownFileType = text.xcconfig; name = "Pods-CookBook.release.xcconfig"; path = "Pods/Target Support Files/Pods-CookBook/Pods-CookBook.release.xcconfig"; sourceTree = "<group>"; };
		BCE6699AE8940AC3BBB13630 /* libPods-CookBook.a */ = {isa = PBXFileReference; explicitFileType = archive.ar; includeInIndex = 0; path = "libPods-CookBook.a"; sourceTree = BUILT_PRODUCTS_DIR; };
		D19863551E23EEA5006598CC /* CookBook.app */ = {isa = PBXFileReference; explicitFileType = wrapper.application; includeInIndex = 0; path = CookBook.app; sourceTree = BUILT_PRODUCTS_DIR; };
		D19863591E23EEA5006598CC /* main.m */ = {isa = PBXFileReference; lastKnownFileType = sourcecode.c.objc; path = main.m; sourceTree = "<group>"; };
		D198635B1E23EEA5006598CC /* AppDelegate.h */ = {isa = PBXFileReference; lastKnownFileType = sourcecode.c.h; path = AppDelegate.h; sourceTree = "<group>"; };
		D198635C1E23EEA5006598CC /* AppDelegate.m */ = {isa = PBXFileReference; lastKnownFileType = sourcecode.c.objc; path = AppDelegate.m; sourceTree = "<group>"; };
		D198635E1E23EEA5006598CC /* LoginPageViewController.h */ = {isa = PBXFileReference; lastKnownFileType = sourcecode.c.h; path = LoginPageViewController.h; sourceTree = "<group>"; };
		D198635F1E23EEA5006598CC /* LoginPageViewController.m */ = {isa = PBXFileReference; lastKnownFileType = sourcecode.c.objc; path = LoginPageViewController.m; sourceTree = "<group>"; };
		D19863621E23EEA5006598CC /* Base */ = {isa = PBXFileReference; lastKnownFileType = file.storyboard; name = Base; path = Base.lproj/Main.storyboard; sourceTree = "<group>"; };
		D19863651E23EEA5006598CC /* CookBook.xcdatamodel */ = {isa = PBXFileReference; lastKnownFileType = wrapper.xcdatamodel; path = CookBook.xcdatamodel; sourceTree = "<group>"; };
		D19863671E23EEA5006598CC /* Assets.xcassets */ = {isa = PBXFileReference; lastKnownFileType = folder.assetcatalog; path = Assets.xcassets; sourceTree = "<group>"; };
		D198636A1E23EEA5006598CC /* Base */ = {isa = PBXFileReference; lastKnownFileType = file.storyboard; name = Base; path = Base.lproj/LaunchScreen.storyboard; sourceTree = "<group>"; };
		D198636C1E23EEA5006598CC /* Info.plist */ = {isa = PBXFileReference; lastKnownFileType = text.plist.xml; path = Info.plist; sourceTree = "<group>"; };
		D19863711E23EEA5006598CC /* CookBookTests.xctest */ = {isa = PBXFileReference; explicitFileType = wrapper.cfbundle; includeInIndex = 0; path = CookBookTests.xctest; sourceTree = BUILT_PRODUCTS_DIR; };
		D19863751E23EEA5006598CC /* CookBookTests.m */ = {isa = PBXFileReference; lastKnownFileType = sourcecode.c.objc; path = CookBookTests.m; sourceTree = "<group>"; };
		D19863771E23EEA5006598CC /* Info.plist */ = {isa = PBXFileReference; lastKnownFileType = text.plist.xml; path = Info.plist; sourceTree = "<group>"; };
		D198637C1E23EEA5006598CC /* CookBookUITests.xctest */ = {isa = PBXFileReference; explicitFileType = wrapper.cfbundle; includeInIndex = 0; path = CookBookUITests.xctest; sourceTree = BUILT_PRODUCTS_DIR; };
		D19863801E23EEA5006598CC /* CookBookUITests.m */ = {isa = PBXFileReference; lastKnownFileType = sourcecode.c.objc; path = CookBookUITests.m; sourceTree = "<group>"; };
		D19863821E23EEA5006598CC /* Info.plist */ = {isa = PBXFileReference; lastKnownFileType = text.plist.xml; path = Info.plist; sourceTree = "<group>"; };
		D198638E1E2410E0006598CC /* GoogleService-Info.plist */ = {isa = PBXFileReference; fileEncoding = 4; lastKnownFileType = text.plist.xml; path = "GoogleService-Info.plist"; sourceTree = "<group>"; };
		D19863981E242434006598CC /* FlatUIHelper.h */ = {isa = PBXFileReference; fileEncoding = 4; lastKnownFileType = sourcecode.c.h; path = FlatUIHelper.h; sourceTree = "<group>"; };
		D19863991E242434006598CC /* FlatUIHelper.m */ = {isa = PBXFileReference; fileEncoding = 4; lastKnownFileType = sourcecode.c.objc; path = FlatUIHelper.m; sourceTree = "<group>"; };
		D19B08F61E282AB300D257D6 /* PlistHelper.h */ = {isa = PBXFileReference; fileEncoding = 4; lastKnownFileType = sourcecode.c.h; path = PlistHelper.h; sourceTree = "<group>"; };
		D19B08F71E282AB300D257D6 /* PlistHelper.m */ = {isa = PBXFileReference; fileEncoding = 4; lastKnownFileType = sourcecode.c.objc; path = PlistHelper.m; sourceTree = "<group>"; };
		D38B18D349422428A422C917 /* Pods-CookBookTests.debug.xcconfig */ = {isa = PBXFileReference; includeInIndex = 1; lastKnownFileType = text.xcconfig; name = "Pods-CookBookTests.debug.xcconfig"; path = "Pods/Target Support Files/Pods-CookBookTests/Pods-CookBookTests.debug.xcconfig"; sourceTree = "<group>"; };
/* End PBXFileReference section */

/* Begin PBXFrameworksBuildPhase section */
		D19863521E23EEA5006598CC /* Frameworks */ = {
			isa = PBXFrameworksBuildPhase;
			buildActionMask = 2147483647;
			files = (
				69F854432759160798D54089 /* libPods-CookBook.a in Frameworks */,
			);
			runOnlyForDeploymentPostprocessing = 0;
		};
		D198636E1E23EEA5006598CC /* Frameworks */ = {
			isa = PBXFrameworksBuildPhase;
			buildActionMask = 2147483647;
			files = (
				1F33D61AB3319ECE38946654 /* libPods-CookBookTests.a in Frameworks */,
			);
			runOnlyForDeploymentPostprocessing = 0;
		};
		D19863791E23EEA5006598CC /* Frameworks */ = {
			isa = PBXFrameworksBuildPhase;
			buildActionMask = 2147483647;
			files = (
				D6CE670F4133B37D2A1D4185 /* libPods-CookBookUITests.a in Frameworks */,
			);
			runOnlyForDeploymentPostprocessing = 0;
		};
/* End PBXFrameworksBuildPhase section */

/* Begin PBXGroup section */
		223B7B3E3BD65DB56373CC43 /* Frameworks */ = {
			isa = PBXGroup;
			children = (
				BCE6699AE8940AC3BBB13630 /* libPods-CookBook.a */,
				604E28D27C4E92246F9FB7D0 /* libPods-CookBookTests.a */,
				15CFE204D2F006FEB011DFE4 /* libPods-CookBookUITests.a */,
			);
			name = Frameworks;
			sourceTree = "<group>";
		};
		CE4BB0AB770406F083959D46 /* Pods */ = {
			isa = PBXGroup;
			children = (
				452460AFDE8C85216D83D594 /* Pods-CookBook.debug.xcconfig */,
				B8A47C1247473AA13FB8B249 /* Pods-CookBook.release.xcconfig */,
				D38B18D349422428A422C917 /* Pods-CookBookTests.debug.xcconfig */,
				3A1BB7E7E8C25285BE755FB6 /* Pods-CookBookTests.release.xcconfig */,
				96C237DE0BFC213E3CC0C044 /* Pods-CookBookUITests.debug.xcconfig */,
				41F3327FC0E7B098DE215A4B /* Pods-CookBookUITests.release.xcconfig */,
			);
			name = Pods;
			sourceTree = "<group>";
		};
		D198634C1E23EEA5006598CC = {
			isa = PBXGroup;
			children = (
				D19863571E23EEA5006598CC /* CookBook */,
				D19863741E23EEA5006598CC /* CookBookTests */,
				D198637F1E23EEA5006598CC /* CookBookUITests */,
				D19863561E23EEA5006598CC /* Products */,
				CE4BB0AB770406F083959D46 /* Pods */,
				223B7B3E3BD65DB56373CC43 /* Frameworks */,
			);
			sourceTree = "<group>";
		};
		D19863561E23EEA5006598CC /* Products */ = {
			isa = PBXGroup;
			children = (
				D19863551E23EEA5006598CC /* CookBook.app */,
				D19863711E23EEA5006598CC /* CookBookTests.xctest */,
				D198637C1E23EEA5006598CC /* CookBookUITests.xctest */,
			);
			name = Products;
			sourceTree = "<group>";
		};
		D19863571E23EEA5006598CC /* CookBook */ = {
			isa = PBXGroup;
			children = (
				D19863911E2411B5006598CC /* Features */,
				D19863931E2411DA006598CC /* StoryBoard */,
				D19863901E241171006598CC /* AppDelegate */,
				D19863581E23EEA5006598CC /* Supporting Files */,
			);
			path = CookBook;
			sourceTree = "<group>";
		};
		D19863581E23EEA5006598CC /* Supporting Files */ = {
			isa = PBXGroup;
			children = (
				D19863671E23EEA5006598CC /* Assets.xcassets */,
				D19863641E23EEA5006598CC /* CookBook.xcdatamodeld */,
				D198638E1E2410E0006598CC /* GoogleService-Info.plist */,
				D198636C1E23EEA5006598CC /* Info.plist */,
				D19863591E23EEA5006598CC /* main.m */,
			);
			name = "Supporting Files";
			sourceTree = "<group>";
		};
		D19863741E23EEA5006598CC /* CookBookTests */ = {
			isa = PBXGroup;
			children = (
				D19863751E23EEA5006598CC /* CookBookTests.m */,
				D19863771E23EEA5006598CC /* Info.plist */,
			);
			path = CookBookTests;
			sourceTree = "<group>";
		};
		D198637F1E23EEA5006598CC /* CookBookUITests */ = {
			isa = PBXGroup;
			children = (
				D19863801E23EEA5006598CC /* CookBookUITests.m */,
				D19863821E23EEA5006598CC /* Info.plist */,
			);
			path = CookBookUITests;
			sourceTree = "<group>";
		};
		D19863901E241171006598CC /* AppDelegate */ = {
			isa = PBXGroup;
			children = (
				D198635B1E23EEA5006598CC /* AppDelegate.h */,
				D198635C1E23EEA5006598CC /* AppDelegate.m */,
			);
			name = AppDelegate;
			sourceTree = "<group>";
		};
		D19863911E2411B5006598CC /* Features */ = {
			isa = PBXGroup;
			children = (
				D19863941E24226C006598CC /* Helper */,
				D19863921E2411CA006598CC /* Login */,
			);
			name = Features;
			sourceTree = "<group>";
		};
		D19863921E2411CA006598CC /* Login */ = {
			isa = PBXGroup;
			children = (
				D198635E1E23EEA5006598CC /* LoginPageViewController.h */,
				D198635F1E23EEA5006598CC /* LoginPageViewController.m */,
			);
			name = Login;
			sourceTree = "<group>";
		};
		D19863931E2411DA006598CC /* StoryBoard */ = {
			isa = PBXGroup;
			children = (
				D19863691E23EEA5006598CC /* LaunchScreen.storyboard */,
				D19863611E23EEA5006598CC /* Main.storyboard */,
			);
			name = StoryBoard;
			sourceTree = "<group>";
		};
		D19863941E24226C006598CC /* Helper */ = {
			isa = PBXGroup;
			children = (
				D19863981E242434006598CC /* FlatUIHelper.h */,
				D19863991E242434006598CC /* FlatUIHelper.m */,
				D19B08F61E282AB300D257D6 /* PlistHelper.h */,
				D19B08F71E282AB300D257D6 /* PlistHelper.m */,
			);
			name = Helper;
			sourceTree = "<group>";
		};
/* End PBXGroup section */

/* Begin PBXNativeTarget section */
		D19863541E23EEA5006598CC /* CookBook */ = {
			isa = PBXNativeTarget;
			buildConfigurationList = D19863851E23EEA5006598CC /* Build configuration list for PBXNativeTarget "CookBook" */;
			buildPhases = (
				915A02D5770E9EB046CA92FF /* [CP] Check Pods Manifest.lock */,
				D19863511E23EEA5006598CC /* Sources */,
				D19863521E23EEA5006598CC /* Frameworks */,
				D19863531E23EEA5006598CC /* Resources */,
				861A678D7C166B148BF2B4C3 /* [CP] Embed Pods Frameworks */,
				F69B72837227B5F69D47935D /* [CP] Copy Pods Resources */,
			);
			buildRules = (
			);
			dependencies = (
			);
			name = CookBook;
			productName = CookBook;
			productReference = D19863551E23EEA5006598CC /* CookBook.app */;
			productType = "com.apple.product-type.application";
		};
		D19863701E23EEA5006598CC /* CookBookTests */ = {
			isa = PBXNativeTarget;
			buildConfigurationList = D19863881E23EEA5006598CC /* Build configuration list for PBXNativeTarget "CookBookTests" */;
			buildPhases = (
				E5198542344BDC7BCCCCB1BA /* [CP] Check Pods Manifest.lock */,
				D198636D1E23EEA5006598CC /* Sources */,
				D198636E1E23EEA5006598CC /* Frameworks */,
				D198636F1E23EEA5006598CC /* Resources */,
				9CCCE236685C2A5D0808E60F /* [CP] Embed Pods Frameworks */,
				DECB4E10B477DA54DE2DF56E /* [CP] Copy Pods Resources */,
			);
			buildRules = (
			);
			dependencies = (
				D19863731E23EEA5006598CC /* PBXTargetDependency */,
			);
			name = CookBookTests;
			productName = CookBookTests;
			productReference = D19863711E23EEA5006598CC /* CookBookTests.xctest */;
			productType = "com.apple.product-type.bundle.unit-test";
		};
		D198637B1E23EEA5006598CC /* CookBookUITests */ = {
			isa = PBXNativeTarget;
			buildConfigurationList = D198638B1E23EEA5006598CC /* Build configuration list for PBXNativeTarget "CookBookUITests" */;
			buildPhases = (
				38A958D1D6B2A50AEEE85A49 /* [CP] Check Pods Manifest.lock */,
				D19863781E23EEA5006598CC /* Sources */,
				D19863791E23EEA5006598CC /* Frameworks */,
				D198637A1E23EEA5006598CC /* Resources */,
				5DAEF1F93BD4E8F8357E5EF4 /* [CP] Embed Pods Frameworks */,
				2E2DD971521B69295AE0C49D /* [CP] Copy Pods Resources */,
			);
			buildRules = (
			);
			dependencies = (
				D198637E1E23EEA5006598CC /* PBXTargetDependency */,
			);
			name = CookBookUITests;
			productName = CookBookUITests;
			productReference = D198637C1E23EEA5006598CC /* CookBookUITests.xctest */;
			productType = "com.apple.product-type.bundle.ui-testing";
		};
/* End PBXNativeTarget section */

/* Begin PBXProject section */
		D198634D1E23EEA5006598CC /* Project object */ = {
			isa = PBXProject;
			attributes = {
				LastUpgradeCheck = 0810;
				ORGANIZATIONNAME = "Jagdeep Matharu";
				TargetAttributes = {
					D19863541E23EEA5006598CC = {
						CreatedOnToolsVersion = 8.1;
						DevelopmentTeam = P9PPQ624VE;
						ProvisioningStyle = Automatic;
					};
					D19863701E23EEA5006598CC = {
						CreatedOnToolsVersion = 8.1;
						DevelopmentTeam = P9PPQ624VE;
						ProvisioningStyle = Automatic;
						TestTargetID = D19863541E23EEA5006598CC;
					};
					D198637B1E23EEA5006598CC = {
						CreatedOnToolsVersion = 8.1;
						DevelopmentTeam = P9PPQ624VE;
						ProvisioningStyle = Automatic;
						TestTargetID = D19863541E23EEA5006598CC;
					};
				};
			};
			buildConfigurationList = D19863501E23EEA5006598CC /* Build configuration list for PBXProject "CookBook" */;
			compatibilityVersion = "Xcode 3.2";
			developmentRegion = English;
			hasScannedForEncodings = 0;
			knownRegions = (
				en,
				Base,
			);
			mainGroup = D198634C1E23EEA5006598CC;
			productRefGroup = D19863561E23EEA5006598CC /* Products */;
			projectDirPath = "";
			projectRoot = "";
			targets = (
				D19863541E23EEA5006598CC /* CookBook */,
				D19863701E23EEA5006598CC /* CookBookTests */,
				D198637B1E23EEA5006598CC /* CookBookUITests */,
			);
		};
/* End PBXProject section */

/* Begin PBXResourcesBuildPhase section */
		D19863531E23EEA5006598CC /* Resources */ = {
			isa = PBXResourcesBuildPhase;
			buildActionMask = 2147483647;
			files = (
				D198636B1E23EEA5006598CC /* LaunchScreen.storyboard in Resources */,
				D198638F1E2410E0006598CC /* GoogleService-Info.plist in Resources */,
				D19863681E23EEA5006598CC /* Assets.xcassets in Resources */,
				D19863631E23EEA5006598CC /* Main.storyboard in Resources */,
			);
			runOnlyForDeploymentPostprocessing = 0;
		};
		D198636F1E23EEA5006598CC /* Resources */ = {
			isa = PBXResourcesBuildPhase;
			buildActionMask = 2147483647;
			files = (
			);
			runOnlyForDeploymentPostprocessing = 0;
		};
		D198637A1E23EEA5006598CC /* Resources */ = {
			isa = PBXResourcesBuildPhase;
			buildActionMask = 2147483647;
			files = (
			);
			runOnlyForDeploymentPostprocessing = 0;
		};
/* End PBXResourcesBuildPhase section */

/* Begin PBXShellScriptBuildPhase section */
		2E2DD971521B69295AE0C49D /* [CP] Copy Pods Resources */ = {
			isa = PBXShellScriptBuildPhase;
			buildActionMask = 2147483647;
			files = (
			);
			inputPaths = (
			);
			name = "[CP] Copy Pods Resources";
			outputPaths = (
			);
			runOnlyForDeploymentPostprocessing = 0;
			shellPath = /bin/sh;
			shellScript = "\"${SRCROOT}/Pods/Target Support Files/Pods-CookBookUITests/Pods-CookBookUITests-resources.sh\"\n";
			showEnvVarsInLog = 0;
		};
		38A958D1D6B2A50AEEE85A49 /* [CP] Check Pods Manifest.lock */ = {
			isa = PBXShellScriptBuildPhase;
			buildActionMask = 2147483647;
			files = (
			);
			inputPaths = (
			);
			name = "[CP] Check Pods Manifest.lock";
			outputPaths = (
			);
			runOnlyForDeploymentPostprocessing = 0;
			shellPath = /bin/sh;
			shellScript = "diff \"${PODS_ROOT}/../Podfile.lock\" \"${PODS_ROOT}/Manifest.lock\" > /dev/null\nif [ $? != 0 ] ; then\n    # print error to STDERR\n    echo \"error: The sandbox is not in sync with the Podfile.lock. Run 'pod install' or update your CocoaPods installation.\" >&2\n    exit 1\nfi\n";
			showEnvVarsInLog = 0;
		};
		5DAEF1F93BD4E8F8357E5EF4 /* [CP] Embed Pods Frameworks */ = {
			isa = PBXShellScriptBuildPhase;
			buildActionMask = 2147483647;
			files = (
			);
			inputPaths = (
			);
			name = "[CP] Embed Pods Frameworks";
			outputPaths = (
			);
			runOnlyForDeploymentPostprocessing = 0;
			shellPath = /bin/sh;
			shellScript = "\"${SRCROOT}/Pods/Target Support Files/Pods-CookBookUITests/Pods-CookBookUITests-frameworks.sh\"\n";
			showEnvVarsInLog = 0;
		};
		861A678D7C166B148BF2B4C3 /* [CP] Embed Pods Frameworks */ = {
			isa = PBXShellScriptBuildPhase;
			buildActionMask = 2147483647;
			files = (
			);
			inputPaths = (
			);
			name = "[CP] Embed Pods Frameworks";
			outputPaths = (
			);
			runOnlyForDeploymentPostprocessing = 0;
			shellPath = /bin/sh;
			shellScript = "\"${SRCROOT}/Pods/Target Support Files/Pods-CookBook/Pods-CookBook-frameworks.sh\"\n";
			showEnvVarsInLog = 0;
		};
		915A02D5770E9EB046CA92FF /* [CP] Check Pods Manifest.lock */ = {
			isa = PBXShellScriptBuildPhase;
			buildActionMask = 2147483647;
			files = (
			);
			inputPaths = (
			);
			name = "[CP] Check Pods Manifest.lock";
			outputPaths = (
			);
			runOnlyForDeploymentPostprocessing = 0;
			shellPath = /bin/sh;
			shellScript = "diff \"${PODS_ROOT}/../Podfile.lock\" \"${PODS_ROOT}/Manifest.lock\" > /dev/null\nif [ $? != 0 ] ; then\n    # print error to STDERR\n    echo \"error: The sandbox is not in sync with the Podfile.lock. Run 'pod install' or update your CocoaPods installation.\" >&2\n    exit 1\nfi\n";
			showEnvVarsInLog = 0;
		};
		9CCCE236685C2A5D0808E60F /* [CP] Embed Pods Frameworks */ = {
			isa = PBXShellScriptBuildPhase;
			buildActionMask = 2147483647;
			files = (
			);
			inputPaths = (
			);
			name = "[CP] Embed Pods Frameworks";
			outputPaths = (
			);
			runOnlyForDeploymentPostprocessing = 0;
			shellPath = /bin/sh;
			shellScript = "\"${SRCROOT}/Pods/Target Support Files/Pods-CookBookTests/Pods-CookBookTests-frameworks.sh\"\n";
			showEnvVarsInLog = 0;
		};
		DECB4E10B477DA54DE2DF56E /* [CP] Copy Pods Resources */ = {
			isa = PBXShellScriptBuildPhase;
			buildActionMask = 2147483647;
			files = (
			);
			inputPaths = (
			);
			name = "[CP] Copy Pods Resources";
			outputPaths = (
			);
			runOnlyForDeploymentPostprocessing = 0;
			shellPath = /bin/sh;
			shellScript = "\"${SRCROOT}/Pods/Target Support Files/Pods-CookBookTests/Pods-CookBookTests-resources.sh\"\n";
			showEnvVarsInLog = 0;
		};
		E5198542344BDC7BCCCCB1BA /* [CP] Check Pods Manifest.lock */ = {
			isa = PBXShellScriptBuildPhase;
			buildActionMask = 2147483647;
			files = (
			);
			inputPaths = (
			);
			name = "[CP] Check Pods Manifest.lock";
			outputPaths = (
			);
			runOnlyForDeploymentPostprocessing = 0;
			shellPath = /bin/sh;
			shellScript = "diff \"${PODS_ROOT}/../Podfile.lock\" \"${PODS_ROOT}/Manifest.lock\" > /dev/null\nif [ $? != 0 ] ; then\n    # print error to STDERR\n    echo \"error: The sandbox is not in sync with the Podfile.lock. Run 'pod install' or update your CocoaPods installation.\" >&2\n    exit 1\nfi\n";
			showEnvVarsInLog = 0;
		};
		F69B72837227B5F69D47935D /* [CP] Copy Pods Resources */ = {
			isa = PBXShellScriptBuildPhase;
			buildActionMask = 2147483647;
			files = (
			);
			inputPaths = (
			);
			name = "[CP] Copy Pods Resources";
			outputPaths = (
			);
			runOnlyForDeploymentPostprocessing = 0;
			shellPath = /bin/sh;
			shellScript = "\"${SRCROOT}/Pods/Target Support Files/Pods-CookBook/Pods-CookBook-resources.sh\"\n";
			showEnvVarsInLog = 0;
		};
/* End PBXShellScriptBuildPhase section */

/* Begin PBXSourcesBuildPhase section */
		D19863511E23EEA5006598CC /* Sources */ = {
			isa = PBXSourcesBuildPhase;
			buildActionMask = 2147483647;
			files = (
				D19863661E23EEA5006598CC /* CookBook.xcdatamodeld in Sources */,
				D198639A1E242434006598CC /* FlatUIHelper.m in Sources */,
				D19863601E23EEA5006598CC /* LoginPageViewController.m in Sources */,
				D198635D1E23EEA5006598CC /* AppDelegate.m in Sources */,
				D19B08F81E282AB300D257D6 /* PlistHelper.m in Sources */,
				D198635A1E23EEA5006598CC /* main.m in Sources */,
			);
			runOnlyForDeploymentPostprocessing = 0;
		};
		D198636D1E23EEA5006598CC /* Sources */ = {
			isa = PBXSourcesBuildPhase;
			buildActionMask = 2147483647;
			files = (
				D19863761E23EEA5006598CC /* CookBookTests.m in Sources */,
			);
			runOnlyForDeploymentPostprocessing = 0;
		};
		D19863781E23EEA5006598CC /* Sources */ = {
			isa = PBXSourcesBuildPhase;
			buildActionMask = 2147483647;
			files = (
				D19863811E23EEA5006598CC /* CookBookUITests.m in Sources */,
			);
			runOnlyForDeploymentPostprocessing = 0;
		};
/* End PBXSourcesBuildPhase section */

/* Begin PBXTargetDependency section */
		D19863731E23EEA5006598CC /* PBXTargetDependency */ = {
			isa = PBXTargetDependency;
			target = D19863541E23EEA5006598CC /* CookBook */;
			targetProxy = D19863721E23EEA5006598CC /* PBXContainerItemProxy */;
		};
		D198637E1E23EEA5006598CC /* PBXTargetDependency */ = {
			isa = PBXTargetDependency;
			target = D19863541E23EEA5006598CC /* CookBook */;
			targetProxy = D198637D1E23EEA5006598CC /* PBXContainerItemProxy */;
		};
/* End PBXTargetDependency section */

/* Begin PBXVariantGroup section */
		D19863611E23EEA5006598CC /* Main.storyboard */ = {
			isa = PBXVariantGroup;
			children = (
				D19863621E23EEA5006598CC /* Base */,
			);
			name = Main.storyboard;
			sourceTree = "<group>";
		};
		D19863691E23EEA5006598CC /* LaunchScreen.storyboard */ = {
			isa = PBXVariantGroup;
			children = (
				D198636A1E23EEA5006598CC /* Base */,
			);
			name = LaunchScreen.storyboard;
			sourceTree = "<group>";
		};
/* End PBXVariantGroup section */

/* Begin XCBuildConfiguration section */
		D19863831E23EEA5006598CC /* Debug */ = {
			isa = XCBuildConfiguration;
			buildSettings = {
				ALWAYS_SEARCH_USER_PATHS = NO;
				CLANG_ANALYZER_NONNULL = YES;
				CLANG_CXX_LANGUAGE_STANDARD = "gnu++0x";
				CLANG_CXX_LIBRARY = "libc++";
				CLANG_ENABLE_MODULES = YES;
				CLANG_ENABLE_OBJC_ARC = YES;
				CLANG_WARN_BOOL_CONVERSION = YES;
				CLANG_WARN_CONSTANT_CONVERSION = YES;
				CLANG_WARN_DIRECT_OBJC_ISA_USAGE = YES_ERROR;
				CLANG_WARN_DOCUMENTATION_COMMENTS = YES;
				CLANG_WARN_EMPTY_BODY = YES;
				CLANG_WARN_ENUM_CONVERSION = YES;
				CLANG_WARN_INFINITE_RECURSION = YES;
				CLANG_WARN_INT_CONVERSION = YES;
				CLANG_WARN_OBJC_ROOT_CLASS = YES_ERROR;
				CLANG_WARN_SUSPICIOUS_MOVE = YES;
				CLANG_WARN_SUSPICIOUS_MOVES = YES;
				CLANG_WARN_UNREACHABLE_CODE = YES;
				CLANG_WARN__DUPLICATE_METHOD_MATCH = YES;
				"CODE_SIGN_IDENTITY[sdk=iphoneos*]" = "iPhone Developer";
				COPY_PHASE_STRIP = NO;
				DEBUG_INFORMATION_FORMAT = dwarf;
				ENABLE_STRICT_OBJC_MSGSEND = YES;
				ENABLE_TESTABILITY = YES;
				GCC_C_LANGUAGE_STANDARD = gnu99;
				GCC_DYNAMIC_NO_PIC = NO;
				GCC_NO_COMMON_BLOCKS = YES;
				GCC_OPTIMIZATION_LEVEL = 0;
				GCC_PREPROCESSOR_DEFINITIONS = (
					"DEBUG=1",
					"$(inherited)",
				);
				GCC_WARN_64_TO_32_BIT_CONVERSION = YES;
				GCC_WARN_ABOUT_RETURN_TYPE = YES_ERROR;
				GCC_WARN_UNDECLARED_SELECTOR = YES;
				GCC_WARN_UNINITIALIZED_AUTOS = YES_AGGRESSIVE;
				GCC_WARN_UNUSED_FUNCTION = YES;
				GCC_WARN_UNUSED_VARIABLE = YES;
				IPHONEOS_DEPLOYMENT_TARGET = 10.1;
				MTL_ENABLE_DEBUG_INFO = YES;
				ONLY_ACTIVE_ARCH = YES;
				SDKROOT = iphoneos;
			};
			name = Debug;
		};
		D19863841E23EEA5006598CC /* Release */ = {
			isa = XCBuildConfiguration;
			buildSettings = {
				ALWAYS_SEARCH_USER_PATHS = NO;
				CLANG_ANALYZER_NONNULL = YES;
				CLANG_CXX_LANGUAGE_STANDARD = "gnu++0x";
				CLANG_CXX_LIBRARY = "libc++";
				CLANG_ENABLE_MODULES = YES;
				CLANG_ENABLE_OBJC_ARC = YES;
				CLANG_WARN_BOOL_CONVERSION = YES;
				CLANG_WARN_CONSTANT_CONVERSION = YES;
				CLANG_WARN_DIRECT_OBJC_ISA_USAGE = YES_ERROR;
				CLANG_WARN_DOCUMENTATION_COMMENTS = YES;
				CLANG_WARN_EMPTY_BODY = YES;
				CLANG_WARN_ENUM_CONVERSION = YES;
				CLANG_WARN_INFINITE_RECURSION = YES;
				CLANG_WARN_INT_CONVERSION = YES;
				CLANG_WARN_OBJC_ROOT_CLASS = YES_ERROR;
				CLANG_WARN_SUSPICIOUS_MOVE = YES;
				CLANG_WARN_SUSPICIOUS_MOVES = YES;
				CLANG_WARN_UNREACHABLE_CODE = YES;
				CLANG_WARN__DUPLICATE_METHOD_MATCH = YES;
				"CODE_SIGN_IDENTITY[sdk=iphoneos*]" = "iPhone Developer";
				COPY_PHASE_STRIP = NO;
				DEBUG_INFORMATION_FORMAT = "dwarf-with-dsym";
				ENABLE_NS_ASSERTIONS = NO;
				ENABLE_STRICT_OBJC_MSGSEND = YES;
				GCC_C_LANGUAGE_STANDARD = gnu99;
				GCC_NO_COMMON_BLOCKS = YES;
				GCC_WARN_64_TO_32_BIT_CONVERSION = YES;
				GCC_WARN_ABOUT_RETURN_TYPE = YES_ERROR;
				GCC_WARN_UNDECLARED_SELECTOR = YES;
				GCC_WARN_UNINITIALIZED_AUTOS = YES_AGGRESSIVE;
				GCC_WARN_UNUSED_FUNCTION = YES;
				GCC_WARN_UNUSED_VARIABLE = YES;
				IPHONEOS_DEPLOYMENT_TARGET = 10.1;
				MTL_ENABLE_DEBUG_INFO = NO;
				SDKROOT = iphoneos;
				VALIDATE_PRODUCT = YES;
			};
			name = Release;
		};
		D19863861E23EEA5006598CC /* Debug */ = {
			isa = XCBuildConfiguration;
			baseConfigurationReference = 452460AFDE8C85216D83D594 /* Pods-CookBook.debug.xcconfig */;
			buildSettings = {
				ASSETCATALOG_COMPILER_APPICON_NAME = AppIcon;
				DEVELOPMENT_TEAM = P9PPQ624VE;
				INFOPLIST_FILE = CookBook/Info.plist;
				IPHONEOS_DEPLOYMENT_TARGET = 9.0;
				LD_RUNPATH_SEARCH_PATHS = "$(inherited) @executable_path/Frameworks";
				PRODUCT_BUNDLE_IDENTIFIER = com.jmatharu;
				PRODUCT_NAME = "$(TARGET_NAME)";
			};
			name = Debug;
		};
		D19863871E23EEA5006598CC /* Release */ = {
			isa = XCBuildConfiguration;
			baseConfigurationReference = B8A47C1247473AA13FB8B249 /* Pods-CookBook.release.xcconfig */;
			buildSettings = {
				ASSETCATALOG_COMPILER_APPICON_NAME = AppIcon;
				DEVELOPMENT_TEAM = P9PPQ624VE;
				INFOPLIST_FILE = CookBook/Info.plist;
				IPHONEOS_DEPLOYMENT_TARGET = 9.0;
				LD_RUNPATH_SEARCH_PATHS = "$(inherited) @executable_path/Frameworks";
				PRODUCT_BUNDLE_IDENTIFIER = com.jmatharu;
				PRODUCT_NAME = "$(TARGET_NAME)";
			};
			name = Release;
		};
		D19863891E23EEA5006598CC /* Debug */ = {
			isa = XCBuildConfiguration;
			baseConfigurationReference = D38B18D349422428A422C917 /* Pods-CookBookTests.debug.xcconfig */;
			buildSettings = {
				BUNDLE_LOADER = "$(TEST_HOST)";
				DEVELOPMENT_TEAM = P9PPQ624VE;
				INFOPLIST_FILE = CookBookTests/Info.plist;
				LD_RUNPATH_SEARCH_PATHS = "$(inherited) @executable_path/Frameworks @loader_path/Frameworks";
				PRODUCT_BUNDLE_IDENTIFIER = com.jmatharu.CookBookTests;
				PRODUCT_NAME = "$(TARGET_NAME)";
				TEST_HOST = "$(BUILT_PRODUCTS_DIR)/CookBook.app/CookBook";
			};
			name = Debug;
		};
		D198638A1E23EEA5006598CC /* Release */ = {
			isa = XCBuildConfiguration;
			baseConfigurationReference = 3A1BB7E7E8C25285BE755FB6 /* Pods-CookBookTests.release.xcconfig */;
			buildSettings = {
				BUNDLE_LOADER = "$(TEST_HOST)";
				DEVELOPMENT_TEAM = P9PPQ624VE;
				INFOPLIST_FILE = CookBookTests/Info.plist;
				LD_RUNPATH_SEARCH_PATHS = "$(inherited) @executable_path/Frameworks @loader_path/Frameworks";
				PRODUCT_BUNDLE_IDENTIFIER = com.jmatharu.CookBookTests;
				PRODUCT_NAME = "$(TARGET_NAME)";
				TEST_HOST = "$(BUILT_PRODUCTS_DIR)/CookBook.app/CookBook";
			};
			name = Release;
		};
		D198638C1E23EEA5006598CC /* Debug */ = {
			isa = XCBuildConfiguration;
			baseConfigurationReference = 96C237DE0BFC213E3CC0C044 /* Pods-CookBookUITests.debug.xcconfig */;
			buildSettings = {
				DEVELOPMENT_TEAM = P9PPQ624VE;
				INFOPLIST_FILE = CookBookUITests/Info.plist;
				LD_RUNPATH_SEARCH_PATHS = "$(inherited) @executable_path/Frameworks @loader_path/Frameworks";
				PRODUCT_BUNDLE_IDENTIFIER = com.jmatharu.CookBookUITests;
				PRODUCT_NAME = "$(TARGET_NAME)";
				TEST_TARGET_NAME = CookBook;
			};
			name = Debug;
		};
		D198638D1E23EEA5006598CC /* Release */ = {
			isa = XCBuildConfiguration;
			baseConfigurationReference = 41F3327FC0E7B098DE215A4B /* Pods-CookBookUITests.release.xcconfig */;
			buildSettings = {
				DEVELOPMENT_TEAM = P9PPQ624VE;
				INFOPLIST_FILE = CookBookUITests/Info.plist;
				LD_RUNPATH_SEARCH_PATHS = "$(inherited) @executable_path/Frameworks @loader_path/Frameworks";
				PRODUCT_BUNDLE_IDENTIFIER = com.jmatharu.CookBookUITests;
				PRODUCT_NAME = "$(TARGET_NAME)";
				TEST_TARGET_NAME = CookBook;
			};
			name = Release;
		};
/* End XCBuildConfiguration section */

/* Begin XCConfigurationList section */
		D19863501E23EEA5006598CC /* Build configuration list for PBXProject "CookBook" */ = {
			isa = XCConfigurationList;
			buildConfigurations = (
				D19863831E23EEA5006598CC /* Debug */,
				D19863841E23EEA5006598CC /* Release */,
			);
			defaultConfigurationIsVisible = 0;
			defaultConfigurationName = Release;
		};
		D19863851E23EEA5006598CC /* Build configuration list for PBXNativeTarget "CookBook" */ = {
			isa = XCConfigurationList;
			buildConfigurations = (
				D19863861E23EEA5006598CC /* Debug */,
				D19863871E23EEA5006598CC /* Release */,
			);
			defaultConfigurationIsVisible = 0;
			defaultConfigurationName = Release;
		};
		D19863881E23EEA5006598CC /* Build configuration list for PBXNativeTarget "CookBookTests" */ = {
			isa = XCConfigurationList;
			buildConfigurations = (
				D19863891E23EEA5006598CC /* Debug */,
				D198638A1E23EEA5006598CC /* Release */,
			);
			defaultConfigurationIsVisible = 0;
			defaultConfigurationName = Release;
		};
		D198638B1E23EEA5006598CC /* Build configuration list for PBXNativeTarget "CookBookUITests" */ = {
			isa = XCConfigurationList;
			buildConfigurations = (
				D198638C1E23EEA5006598CC /* Debug */,
				D198638D1E23EEA5006598CC /* Release */,
			);
			defaultConfigurationIsVisible = 0;
			defaultConfigurationName = Release;
		};
/* End XCConfigurationList section */

/* Begin XCVersionGroup section */
		D19863641E23EEA5006598CC /* CookBook.xcdatamodeld */ = {
			isa = XCVersionGroup;
			children = (
				D19863651E23EEA5006598CC /* CookBook.xcdatamodel */,
			);
			currentVersion = D19863651E23EEA5006598CC /* CookBook.xcdatamodel */;
			path = CookBook.xcdatamodeld;
			sourceTree = "<group>";
			versionGroupType = wrapper.xcdatamodel;
		};
/* End XCVersionGroup section */
	};
	rootObject = D198634D1E23EEA5006598CC /* Project object */;
}
